
Microsoft Visual Studio Solution File, Format Version 11.00
# Visual Studio 2010
Project("{FAE04EC0-301F-11D3-BF4B-00C04F79EFBC}") = "NavMeshComponents", "NavMeshComponents.csproj", "{7aa94e19-9a5d-7b6d-25e7-a9d74a898f26}"
EndProject
Project("{FAE04EC0-301F-11D3-BF4B-00C04F79EFBC}") = "Assembly-CSharp", "Assembly-CSharp.csproj", "{bc5b67c6-62b3-514e-060e-a7a5c20e30c7}"
EndProject
Project("{FAE04EC0-301F-11D3-BF4B-00C04F79EFBC}") = "NavMeshComponentsEditor", "NavMeshComponentsEditor.csproj", "{5ceb9ebc-8b7c-a9f8-a877-a4a388812eff}"
EndProject
Global
	GlobalSection(SolutionConfigurationPlatforms) = preSolution
		Debug|Any CPU = Debug|Any CPU
		Release|Any CPU = Release|Any CPU
	EndGlobalSection
	GlobalSection(ProjectConfigurationPlatforms) = postSolution
		{7aa94e19-9a5d-7b6d-25e7-a9d74a898f26}.Debug|Any CPU.ActiveCfg = Debug|Any CPU
		{7aa94e19-9a5d-7b6d-25e7-a9d74a898f26}.Debug|Any CPU.Build.0 = Debug|Any CPU
		{7aa94e19-9a5d-7b6d-25e7-a9d74a898f26}.Release|Any CPU.ActiveCfg = Release|Any CPU
		{7aa94e19-9a5d-7b6d-25e7-a9d74a898f26}.Release|Any CPU.Build.0 = Release|Any CPU
		{bc5b67c6-62b3-514e-060e-a7a5c20e30c7}.Debug|Any CPU.ActiveCfg = Debug|Any CPU
		{bc5b67c6-62b3-514e-060e-a7a5c20e30c7}.Debug|Any CPU.Build.0 = Debug|Any CPU
		{bc5b67c6-62b3-514e-060e-a7a5c20e30c7}.Release|Any CPU.ActiveCfg = Release|Any CPU
		{bc5b67c6-62b3-514e-060e-a7a5c20e30c7}.Release|Any CPU.Build.0 = Release|Any CPU
		{5ceb9ebc-8b7c-a9f8-a877-a4a388812eff}.Debug|Any CPU.ActiveCfg = Debug|Any CPU
		{5ceb9ebc-8b7c-a9f8-a877-a4a388812eff}.Debug|Any CPU.Build.0 = Debug|Any CPU
		{5ceb9ebc-8b7c-a9f8-a877-a4a388812eff}.Release|Any CPU.ActiveCfg = Release|Any CPU
		{5ceb9ebc-8b7c-a9f8-a877-a4a388812eff}.Release|Any CPU.Build.0 = Release|Any CPU
	EndGlobalSection
	GlobalSection(SolutionProperties) = preSolution
		HideSolutionNode = FALSE
	EndGlobalSection
EndGlobal
