
Microsoft Visual Studio Solution File, Format Version 12.00
# Visual Studio 15
Project("{FAE04EC0-301F-11D3-BF4B-00C04F79EFBC}") = "UnityEngine.TestRunner", "UnityEngine.TestRunner.csproj", "{28235F57-AA69-25DB-AE12-B5D4557167F1}"
EndProject
Project("{FAE04EC0-301F-11D3-BF4B-00C04F79EFBC}") = "UnityEngine.UI", "UnityEngine.UI.csproj", "{7C012067-CF56-FE72-F8B2-1CA338A06BA0}"
EndProject
Project("{FAE04EC0-301F-11D3-BF4B-00C04F79EFBC}") = "Unity.TextMeshPro", "Unity.TextMeshPro.csproj", "{2DF463C2-CD52-113C-8149-A5D329661A2C}"
EndProject
Project("{FAE04EC0-301F-11D3-BF4B-00C04F79EFBC}") = "Unity.Timeline", "Unity.Timeline.csproj", "{7DA06B7B-F65B-8E73-BFA4-9F54B481087C}"
EndProject
Project("{FAE04EC0-301F-11D3-BF4B-00C04F79EFBC}") = "Assembly-CSharp", "Assembly-CSharp.csproj", "{C6675BBC-B362-4E51-060E-A7A5C20E30C7}"
EndProject
Project("{FAE04EC0-301F-11D3-BF4B-00C04F79EFBC}") = "Unity.TextMeshPro.Editor", "Unity.TextMeshPro.Editor.csproj", "{0EAB7C97-084E-0E2E-731A-97F654AFF56D}"
EndProject
Project("{FAE04EC0-301F-11D3-BF4B-00C04F79EFBC}") = "Unity.Timeline.Editor", "Unity.Timeline.Editor.csproj", "{6AB1DCBC-9486-2A70-4F80-D2ABB0E9B0B0}"
EndProject
Project("{FAE04EC0-301F-11D3-BF4B-00C04F79EFBC}") = "UnityEditor.TestRunner", "UnityEditor.TestRunner.csproj", "{A8D2ADAC-4901-09BB-CDAF-5C7420F5484D}"
EndProject
Project("{FAE04EC0-301F-11D3-BF4B-00C04F79EFBC}") = "Unity.2D.Sprite.Editor", "Unity.2D.Sprite.Editor.csproj", "{9F8322B0-8AB7-9B61-C0C7-E9DA1047420A}"
EndProject
Project("{FAE04EC0-301F-11D3-BF4B-00C04F79EFBC}") = "UnityEditor.UI", "UnityEditor.UI.csproj", "{2961E22A-5300-BD2D-8957-61755351B5B2}"
EndProject
Project("{FAE04EC0-301F-11D3-BF4B-00C04F79EFBC}") = "Unity.Rider.Editor", "Unity.Rider.Editor.csproj", "{CD5D6E66-BA89-6352-C350-0FB4665B8985}"
EndProject
Project("{FAE04EC0-301F-11D3-BF4B-00C04F79EFBC}") = "Unity.2D.Tilemap.Editor", "Unity.2D.Tilemap.Editor.csproj", "{8AA40923-3169-E3A5-EEDD-1E46A2E294E3}"
EndProject
Project("{FAE04EC0-301F-11D3-BF4B-00C04F79EFBC}") = "Unity.CollabProxy.Editor", "Unity.CollabProxy.Editor.csproj", "{F67C5B7E-C759-570A-1B92-FB0CBC052BEF}"
EndProject
Project("{FAE04EC0-301F-11D3-BF4B-00C04F79EFBC}") = "Unity.VSCode.Editor", "Unity.VSCode.Editor.csproj", "{A04447C1-EE4A-395E-BCED-C2E32D303ECE}"
EndProject
Global
	GlobalSection(SolutionConfigurationPlatforms) = preSolution
		Debug|Any CPU = Debug|Any CPU
		Release|Any CPU = Release|Any CPU
	EndGlobalSection
	GlobalSection(ProjectConfigurationPlatforms) = postSolution
		{28235F57-AA69-25DB-AE12-B5D4557167F1}.Debug|Any CPU.ActiveCfg = Debug|Any CPU
		{28235F57-AA69-25DB-AE12-B5D4557167F1}.Debug|Any CPU.Build.0 = Debug|Any CPU
		{28235F57-AA69-25DB-AE12-B5D4557167F1}.Release|Any CPU.ActiveCfg = Release|Any CPU
		{28235F57-AA69-25DB-AE12-B5D4557167F1}.Release|Any CPU.Build.0 = Release|Any CPU
		{7C012067-CF56-FE72-F8B2-1CA338A06BA0}.Debug|Any CPU.ActiveCfg = Debug|Any CPU
		{7C012067-CF56-FE72-F8B2-1CA338A06BA0}.Debug|Any CPU.Build.0 = Debug|Any CPU
		{7C012067-CF56-FE72-F8B2-1CA338A06BA0}.Release|Any CPU.ActiveCfg = Release|Any CPU
		{7C012067-CF56-FE72-F8B2-1CA338A06BA0}.Release|Any CPU.Build.0 = Release|Any CPU
		{2DF463C2-CD52-113C-8149-A5D329661A2C}.Debug|Any CPU.ActiveCfg = Debug|Any CPU
		{2DF463C2-CD52-113C-8149-A5D329661A2C}.Debug|Any CPU.Build.0 = Debug|Any CPU
		{2DF463C2-CD52-113C-8149-A5D329661A2C}.Release|Any CPU.ActiveCfg = Release|Any CPU
		{2DF463C2-CD52-113C-8149-A5D329661A2C}.Release|Any CPU.Build.0 = Release|Any CPU
		{7DA06B7B-F65B-8E73-BFA4-9F54B481087C}.Debug|Any CPU.ActiveCfg = Debug|Any CPU
		{7DA06B7B-F65B-8E73-BFA4-9F54B481087C}.Debug|Any CPU.Build.0 = Debug|Any CPU
		{7DA06B7B-F65B-8E73-BFA4-9F54B481087C}.Release|Any CPU.ActiveCfg = Release|Any CPU
		{7DA06B7B-F65B-8E73-BFA4-9F54B481087C}.Release|Any CPU.Build.0 = Release|Any CPU
		{C6675BBC-B362-4E51-060E-A7A5C20E30C7}.Debug|Any CPU.ActiveCfg = Debug|Any CPU
		{C6675BBC-B362-4E51-060E-A7A5C20E30C7}.Debug|Any CPU.Build.0 = Debug|Any CPU
		{C6675BBC-B362-4E51-060E-A7A5C20E30C7}.Release|Any CPU.ActiveCfg = Release|Any CPU
		{C6675BBC-B362-4E51-060E-A7A5C20E30C7}.Release|Any CPU.Build.0 = Release|Any CPU
		{0EAB7C97-084E-0E2E-731A-97F654AFF56D}.Debug|Any CPU.ActiveCfg = Debug|Any CPU
		{0EAB7C97-084E-0E2E-731A-97F654AFF56D}.Debug|Any CPU.Build.0 = Debug|Any CPU
		{0EAB7C97-084E-0E2E-731A-97F654AFF56D}.Release|Any CPU.ActiveCfg = Release|Any CPU
		{0EAB7C97-084E-0E2E-731A-97F654AFF56D}.Release|Any CPU.Build.0 = Release|Any CPU
		{6AB1DCBC-9486-2A70-4F80-D2ABB0E9B0B0}.Debug|Any CPU.ActiveCfg = Debug|Any CPU
		{6AB1DCBC-9486-2A70-4F80-D2ABB0E9B0B0}.Debug|Any CPU.Build.0 = Debug|Any CPU
		{6AB1DCBC-9486-2A70-4F80-D2ABB0E9B0B0}.Release|Any CPU.ActiveCfg = Release|Any CPU
		{6AB1DCBC-9486-2A70-4F80-D2ABB0E9B0B0}.Release|Any CPU.Build.0 = Release|Any CPU
		{A8D2ADAC-4901-09BB-CDAF-5C7420F5484D}.Debug|Any CPU.ActiveCfg = Debug|Any CPU
		{A8D2ADAC-4901-09BB-CDAF-5C7420F5484D}.Debug|Any CPU.Build.0 = Debug|Any CPU
		{A8D2ADAC-4901-09BB-CDAF-5C7420F5484D}.Release|Any CPU.ActiveCfg = Release|Any CPU
		{A8D2ADAC-4901-09BB-CDAF-5C7420F5484D}.Release|Any CPU.Build.0 = Release|Any CPU
		{9F8322B0-8AB7-9B61-C0C7-E9DA1047420A}.Debug|Any CPU.ActiveCfg = Debug|Any CPU
		{9F8322B0-8AB7-9B61-C0C7-E9DA1047420A}.Debug|Any CPU.Build.0 = Debug|Any CPU
		{9F8322B0-8AB7-9B61-C0C7-E9DA1047420A}.Release|Any CPU.ActiveCfg = Release|Any CPU
		{9F8322B0-8AB7-9B61-C0C7-E9DA1047420A}.Release|Any CPU.Build.0 = Release|Any CPU
		{2961E22A-5300-BD2D-8957-61755351B5B2}.Debug|Any CPU.ActiveCfg = Debug|Any CPU
		{2961E22A-5300-BD2D-8957-61755351B5B2}.Debug|Any CPU.Build.0 = Debug|Any CPU
		{2961E22A-5300-BD2D-8957-61755351B5B2}.Release|Any CPU.ActiveCfg = Release|Any CPU
		{2961E22A-5300-BD2D-8957-61755351B5B2}.Release|Any CPU.Build.0 = Release|Any CPU
		{CD5D6E66-BA89-6352-C350-0FB4665B8985}.Debug|Any CPU.ActiveCfg = Debug|Any CPU
		{CD5D6E66-BA89-6352-C350-0FB4665B8985}.Debug|Any CPU.Build.0 = Debug|Any CPU
		{CD5D6E66-BA89-6352-C350-0FB4665B8985}.Release|Any CPU.ActiveCfg = Release|Any CPU
		{CD5D6E66-BA89-6352-C350-0FB4665B8985}.Release|Any CPU.Build.0 = Release|Any CPU
		{8AA40923-3169-E3A5-EEDD-1E46A2E294E3}.Debug|Any CPU.ActiveCfg = Debug|Any CPU
		{8AA40923-3169-E3A5-EEDD-1E46A2E294E3}.Debug|Any CPU.Build.0 = Debug|Any CPU
		{8AA40923-3169-E3A5-EEDD-1E46A2E294E3}.Release|Any CPU.ActiveCfg = Release|Any CPU
		{8AA40923-3169-E3A5-EEDD-1E46A2E294E3}.Release|Any CPU.Build.0 = Release|Any CPU
		{F67C5B7E-C759-570A-1B92-FB0CBC052BEF}.Debug|Any CPU.ActiveCfg = Debug|Any CPU
		{F67C5B7E-C759-570A-1B92-FB0CBC052BEF}.Debug|Any CPU.Build.0 = Debug|Any CPU
		{F67C5B7E-C759-570A-1B92-FB0CBC052BEF}.Release|Any CPU.ActiveCfg = Release|Any CPU
		{F67C5B7E-C759-570A-1B92-FB0CBC052BEF}.Release|Any CPU.Build.0 = Release|Any CPU
		{A04447C1-EE4A-395E-BCED-C2E32D303ECE}.Debug|Any CPU.ActiveCfg = Debug|Any CPU
		{A04447C1-EE4A-395E-BCED-C2E32D303ECE}.Debug|Any CPU.Build.0 = Debug|Any CPU
		{A04447C1-EE4A-395E-BCED-C2E32D303ECE}.Release|Any CPU.ActiveCfg = Release|Any CPU
		{A04447C1-EE4A-395E-BCED-C2E32D303ECE}.Release|Any CPU.Build.0 = Release|Any CPU
	EndGlobalSection
	GlobalSection(SolutionProperties) = preSolution
		HideSolutionNode = FALSE
	EndGlobalSection
EndGlobal
